
Microsoft Visual Studio Solution File, Format Version 12.00
# Visual Studio Version 17
VisualStudioVersion = 17.4.33205.214
MinimumVisualStudioVersion = 10.0.40219.1
Project("{2150E333-8FDC-42A3-9474-1A3956D46DE8}") = "CQRS-ES", "CQRS-ES", "{30606D3C-FDB6-4F4E-B682-277C0ACCCA50}"
EndProject
Project("{FAE04EC0-301F-11D3-BF4B-00C04F79EFBC}") = "SQRS.Core", "SQRS.Core\SQRS.Core.csproj", "{70B6D8AE-AB26-4AB3-A5A0-2BDE9FBF2A2F}"
EndProject
Project("{2150E333-8FDC-42A3-9474-1A3956D46DE8}") = "SM-Post", "SM-Post", "{0A276D47-052D-4CBD-8A85-0F9AB05F9AE7}"
EndProject
Project("{2150E333-8FDC-42A3-9474-1A3956D46DE8}") = "Post.Cmd", "Post.Cmd", "{33BA3E82-B525-4DF2-A202-F34714C31DD5}"
EndProject
Project("{2150E333-8FDC-42A3-9474-1A3956D46DE8}") = "Post.Query", "Post.Query", "{8D5A9438-A168-41B2-8D9B-7A4CF1507F0D}"
EndProject
Project("{FAE04EC0-301F-11D3-BF4B-00C04F79EFBC}") = "Post.Cmd.Api", "SMPost.Cmd.Api\Post.Cmd.Api.csproj", "{88FB7861-98F2-4AD0-8638-A9716EA0C905}"
EndProject
Project("{FAE04EC0-301F-11D3-BF4B-00C04F79EFBC}") = "Post.Cmd.Domain", "SMPosts.Cmd.Domain\Post.Cmd.Domain.csproj", "{041B11C0-1F82-4FFB-B39E-C2D6746CB998}"
EndProject
Project("{FAE04EC0-301F-11D3-BF4B-00C04F79EFBC}") = "Post.Cmd.Infrastructure", "Post.Cmd.Infrastructure\Post.Cmd.Infrastructure.csproj", "{C601279A-C6F1-4C47-AD0B-EBC4C2FDF8B5}"
EndProject
Project("{FAE04EC0-301F-11D3-BF4B-00C04F79EFBC}") = "Post.Query.Api", "Post.Query.Api\Post.Query.Api.csproj", "{376F4743-27A7-4A27-BB7F-EF137D3E2A55}"
EndProject
Global
	GlobalSection(SolutionConfigurationPlatforms) = preSolution
		Debug|Any CPU = Debug|Any CPU
		Release|Any CPU = Release|Any CPU
	EndGlobalSection
	GlobalSection(ProjectConfigurationPlatforms) = postSolution
		{70B6D8AE-AB26-4AB3-A5A0-2BDE9FBF2A2F}.Debug|Any CPU.ActiveCfg = Debug|Any CPU
		{70B6D8AE-AB26-4AB3-A5A0-2BDE9FBF2A2F}.Debug|Any CPU.Build.0 = Debug|Any CPU
		{70B6D8AE-AB26-4AB3-A5A0-2BDE9FBF2A2F}.Release|Any CPU.ActiveCfg = Release|Any CPU
		{70B6D8AE-AB26-4AB3-A5A0-2BDE9FBF2A2F}.Release|Any CPU.Build.0 = Release|Any CPU
		{88FB7861-98F2-4AD0-8638-A9716EA0C905}.Debug|Any CPU.ActiveCfg = Debug|Any CPU
		{88FB7861-98F2-4AD0-8638-A9716EA0C905}.Debug|Any CPU.Build.0 = Debug|Any CPU
		{88FB7861-98F2-4AD0-8638-A9716EA0C905}.Release|Any CPU.ActiveCfg = Release|Any CPU
		{88FB7861-98F2-4AD0-8638-A9716EA0C905}.Release|Any CPU.Build.0 = Release|Any CPU
		{041B11C0-1F82-4FFB-B39E-C2D6746CB998}.Debug|Any CPU.ActiveCfg = Debug|Any CPU
		{041B11C0-1F82-4FFB-B39E-C2D6746CB998}.Debug|Any CPU.Build.0 = Debug|Any CPU
		{041B11C0-1F82-4FFB-B39E-C2D6746CB998}.Release|Any CPU.ActiveCfg = Release|Any CPU
		{041B11C0-1F82-4FFB-B39E-C2D6746CB998}.Release|Any CPU.Build.0 = Release|Any CPU
		{C601279A-C6F1-4C47-AD0B-EBC4C2FDF8B5}.Debug|Any CPU.ActiveCfg = Debug|Any CPU
		{C601279A-C6F1-4C47-AD0B-EBC4C2FDF8B5}.Debug|Any CPU.Build.0 = Debug|Any CPU
		{C601279A-C6F1-4C47-AD0B-EBC4C2FDF8B5}.Release|Any CPU.ActiveCfg = Release|Any CPU
		{C601279A-C6F1-4C47-AD0B-EBC4C2FDF8B5}.Release|Any CPU.Build.0 = Release|Any CPU
		{376F4743-27A7-4A27-BB7F-EF137D3E2A55}.Debug|Any CPU.ActiveCfg = Debug|Any CPU
		{376F4743-27A7-4A27-BB7F-EF137D3E2A55}.Debug|Any CPU.Build.0 = Debug|Any CPU
		{376F4743-27A7-4A27-BB7F-EF137D3E2A55}.Release|Any CPU.ActiveCfg = Release|Any CPU
		{376F4743-27A7-4A27-BB7F-EF137D3E2A55}.Release|Any CPU.Build.0 = Release|Any CPU
	EndGlobalSection
	GlobalSection(SolutionProperties) = preSolution
		HideSolutionNode = FALSE
	EndGlobalSection
	GlobalSection(NestedProjects) = preSolution
		{70B6D8AE-AB26-4AB3-A5A0-2BDE9FBF2A2F} = {30606D3C-FDB6-4F4E-B682-277C0ACCCA50}
		{33BA3E82-B525-4DF2-A202-F34714C31DD5} = {0A276D47-052D-4CBD-8A85-0F9AB05F9AE7}
		{8D5A9438-A168-41B2-8D9B-7A4CF1507F0D} = {0A276D47-052D-4CBD-8A85-0F9AB05F9AE7}
		{88FB7861-98F2-4AD0-8638-A9716EA0C905} = {33BA3E82-B525-4DF2-A202-F34714C31DD5}
		{041B11C0-1F82-4FFB-B39E-C2D6746CB998} = {33BA3E82-B525-4DF2-A202-F34714C31DD5}
		{C601279A-C6F1-4C47-AD0B-EBC4C2FDF8B5} = {33BA3E82-B525-4DF2-A202-F34714C31DD5}
		{376F4743-27A7-4A27-BB7F-EF137D3E2A55} = {8D5A9438-A168-41B2-8D9B-7A4CF1507F0D}
	EndGlobalSection
	GlobalSection(ExtensibilityGlobals) = postSolution
		SolutionGuid = {01E5F50F-F160-4D69-AABE-EE0338B61978}
	EndGlobalSection
EndGlobal
